github.com/robfig/cron/v3 v3.0.1 h1:WdRxkvbJztn8LMz/QEvLN5sBU+xKpSqwwUO1Pjr4qDs=
github.com/robfig/cron/v3 v3.0.1/go.mod h1:eQICP3HwyT7UooqI/z+Ov+PtYAWygg1TEWWzGIFLtro=
github.com/zenta-dev/zever/adapters/analytics/log v0.5.3 h1:UksTWMH9nVYuksF3/z5QHYhg4UdN90Pq81tz3dabcow=
github.com/zenta-dev/zever/adapters/analytics/log v0.5.3/go.mod h1:+GwP1+i+28XkHsAfhcUtaRsJZX7hme6P5cFTc2ywauM=
github.com/zenta-dev/zever/adapters/cache/memory v0.5.3 h1:FhXEdooe3NUwlRTXIiu83KG9k+RmZOxBJHwlEISV0D0=
github.com/zenta-dev/zever/adapters/cache/memory v0.5.3/go.mod h1:w+JrDuUM0nYJl6qNFfMiTNpC56pcZ5OlbXvoUNX5HAM=
github.com/zenta-dev/zever/adapters/eventbus/memory v0.5.3 h1:iHyvEyjeyJ41B6aGruTQJ0bKuGmEGhhrgigQWgOvyog=
github.com/zenta-dev/zever/adapters/eventbus/memory v0.5.3/go.mod h1:sY7+x4WnDvM7rgxfpBBeSJVcFzkvLUq92bvKjFsTf+w=
github.com/zenta-dev/zever/adapters/flag/static v0.5.3 h1:dP2dwBYd5GSu6yKyixnbZMDWixXKO0kNRtHMxiT4/tw=
github.com/zenta-dev/zever/adapters/flag/static v0.5.3/go.mod h1:SRsmWvM+5IPS/WdSSYKIBRgz3WPU/HzKre5u769l62M=
github.com/zenta-dev/zever/adapters/geo/static v0.5.3 h1:3GrWNAMENckFY0iujl4/q9YqxUKsJTnP62K00PQSYY0=
github.com/zenta-dev/zever/adapters/geo/static v0.5.3/go.mod h1:WIexumkvKg4mAi9U8SwST3E1ITA0j4BrvgVud4d/TW4=
github.com/zenta-dev/zever/adapters/i18n/embed v0.5.3 h1:SOeyNs3rrxWZMwro+kekvO5w1AtArCX09hS3SnY9+t8=
github.com/zenta-dev/zever/adapters/i18n/embed v0.5.3/go.mod h1:5wu8pJ9jnvJDUs3kQAXfg6KqcmOe0B7ZFimWKxVjC1s=
github.com/zenta-dev/zever/adapters/idempotency/memory v0.5.3 h1:Wkm3CvMg0Qf96Q30PF4To2OeHXfkShg8NS99l/Z4Gzo=
github.com/zenta-dev/zever/adapters/idempotency/memory v0.5.3/go.mod h1:sdaBPp1zypEDJcGrq2mpeYBzYDGdR1jqQUh6VUXHOIQ=
github.com/zenta-dev/zever/adapters/lock/memory v0.5.3 h1:R9A0tUzZYecEC2P3oCyj3Qnb5MVu5X0My80lqmWOv/4=
github.com/zenta-dev/zever/adapters/lock/memory v0.5.3/go.mod h1:84ouODHZRc86ehrJVAhHztRq5i/q+A33j0zkLTjB5/E=
github.com/zenta-dev/zever/adapters/log/noop v0.5.3 h1:dFdmfUQIqzpWIyyRbowKsj+tHEUnKGbq5OGeb3c3+VE=
github.com/zenta-dev/zever/adapters/log/noop v0.5.3/go.mod h1:b19oM5kp1CFo8n4Uy4Y9gbFI85N4JuDYUu/m76L2OcM=
github.com/zenta-dev/zever/adapters/mailer/log v0.5.3 h1:TDy8eAdaapU0KEbImBYLY68ZMae2E/4773BQ3RmzgUE=
github.com/zenta-dev/zever/adapters/mailer/log v0.5.3/go.mod h1:RXU6pzBR71l9oFn6vSa5/oaY/BG/bLKdh/8aY4RzRnA=
github.com/zenta-dev/zever/adapters/notification/log v0.5.3 h1:7f+AbMMgb1zqUYbkXuEDqEm5zDWWilahSZ010MjVqOY=
github.com/zenta-dev/zever/adapters/notification/log v0.5.3/go.mod h1:P7WfrQNuphXMEsOM3Mv0Iv8kCLSA7yfhBk9WebwwNGQ=
github.com/zenta-dev/zever/adapters/observability/noop v0.5.3 h1:ffEs5cqyKSVpnB5mbnMBpIBOhvG+dAOptKkVflNAiDQ=
github.com/zenta-dev/zever/adapters/observability/noop v0.5.3/go.mod h1:sSI78o/6bhSWeCIMKyfIqvbFH0l82CPJr66efYbA2Go=
github.com/zenta-dev/zever/adapters/payment/stub v0.5.3 h1:G6n+78jfQdx63tI4sAJeSN99wr/Sem7wOukz2+uA1U8=
github.com/zenta-dev/zever/adapters/payment/stub v0.5.3/go.mod h1:t5B4v49p11ZpszAje4grsHSxTO80T/qRn6Ei+NPhfYY=
github.com/zenta-dev/zever/adapters/permission/noop v0.5.3 h1:sd9Cp02WTTUOBTy3Ap5LMwN7LikEkDYGxA9ZT++t4FI=
github.com/zenta-dev/zever/adapters/permission/noop v0.5.3/go.mod h1:yiCLcK0qvmZCCLbxoOmtyZlUDmDDrj9XaO8wPh42EJo=
github.com/zenta-dev/zever/adapters/queue/memory v0.5.3 h1:0mfP2Nfki1bi83W57G88NfBOPvbA+R8OSrsK4QvJjwY=
github.com/zenta-dev/zever/adapters/queue/memory v0.5.3/go.mod h1:vnQTwik2TBD5OWlWzZppy4YzilDci+j4gi5jl+xQPzk=
github.com/zenta-dev/zever/adapters/ratelimit/memory v0.5.3 h1:ZesVsUWREpxPU2GiPOp28ZyMmWOE5ki10iGjyJ/I32M=
github.com/zenta-dev/zever/adapters/ratelimit/memory v0.5.3/go.mod h1:XHS9M+bXQKjkE/FrxrD/5JwnaQRzwOdZcuXaiDBp2Pk=
github.com/zenta-dev/zever/adapters/router/stdhttp v0.5.3 h1:EHbj9INBI9LQqQmZVcTvVkiinXDb1qa3OkcoNEFe/aE=
github.com/zenta-dev/zever/adapters/router/stdhttp v0.5.3/go.mod h1:aEXfxI0rSapwoINbHfU5N0M2cEeG514SxMtng4B+vmU=
github.com/zenta-dev/zever/adapters/secrets/env v0.5.3 h1:N6zdPYyLx0u0SabeQchPGgDNJZ5N/xpQbOmd8+VCdkQ=
github.com/zenta-dev/zever/adapters/secrets/env v0.5.3/go.mod h1:wvY0jEHjwKDfkpmtnUbdJnQ+SKoQCuSSUYh4ULmw8GQ=
github.com/zenta-dev/zever/adapters/session/memory v0.5.3 h1:GEfxG041/jjgxqvaGaiDdAEbaNJHX8FwwSrgalxz8Uk=
github.com/zenta-dev/zever/adapters/session/memory v0.5.3/go.mod h1:60HLfk69iW9pjj29Pewp3FYLSdmw3F4/0SiqcciF9K4=
github.com/zenta-dev/zever/adapters/storage/local v0.5.3 h1:/xi2bNNvzr5cIwItDV6aqDyScTEA43wsQmYhJoKPMMw=
github.com/zenta-dev/zever/adapters/storage/local v0.5.3/go.mod h1:ugB/Bbqe6VWVP77iE91XoQtg6gdFSuP3adC7vFAyQRU=
github.com/zenta-dev/zever/adapters/tenant/single v0.5.3 h1:8bPBjPHOIgqbuYibmfQ8dY+76GonlKscS/WNDTbtCig=
github.com/zenta-dev/zever/adapters/tenant/single v0.5.3/go.mod h1:GLb9VJFHPJelD/ejeYGXCJXhc/2aAXif542y8K2Zp/o=
github.com/zenta-dev/zever/adapters/webhook/http v0.5.3 h1:u8stch8/ysRFQDEriSpyCM9bJ0pIs/hkijinzIdB7rU=
github.com/zenta-dev/zever/adapters/webhook/http v0.5.3/go.mod h1:jqyYmxW3Ke8okjC9VjEjpS0zNi5bIYYbQ5cVVexRyjc=
github.com/zenta-dev/zever/adapters/workflow/memory v0.5.3 h1:x26H0/XnlwVW/o0gU5qHPLnwTSvXncvdlF/FFo6Hm98=
github.com/zenta-dev/zever/adapters/workflow/memory v0.5.3/go.mod h1:VT7PyFvM/LCey5dKQpZpNaDlo6Y5DnM8s9nXXXFPOKE=
github.com/zenta-dev/zever/core/ai v0.5.3 h1:gek4VZ63NlFxCA1Gam14V47+RowaGlsLeIutecHAoVc=
github.com/zenta-dev/zever/core/ai v0.5.3/go.mod h1:qHSmz+BnPf8rFLhJ9ZM8Hgm53xoMOPleCFkGrAUW0bU=
github.com/zenta-dev/zever/core/analytics v0.5.3 h1:En8nRpeB3Mq/nMteXjtGhlA6F7Io/ydqupl9J2MusbU=
github.com/zenta-dev/zever/core/analytics v0.5.3/go.mod h1:YzCXOz2pHFWZF6XB7KLU5IOdwMUZvXlf4ujtmYexQvs=
github.com/zenta-dev/zever/core/auth v0.5.3 h1:34w31UHovYd1VkcqID3JsBnQlSW8Fm47lVD4VszMLPE=
github.com/zenta-dev/zever/core/auth v0.5.3/go.mod h1:RdJOlyiz63SC4cmgdRUNlfN7cbesBi8wJf09KiHIB0k=
github.com/zenta-dev/zever/core/billing v0.5.3 h1:83wZL7v1RSS7zOjy5JLlxVGoKELIVF0aPn+QVp+oADU=
github.com/zenta-dev/zever/core/billing v0.5.3/go.mod h1:cM+7vX1g5lfT1+qLDfTI+ezPdU24xh/yklvvhK+0djY=
github.com/zenta-dev/zever/core/cache v0.5.3 h1:r3pLSxlMSgQqxe546AptskAqYIRdxVIQl6Wr9cn8RNw=
github.com/zenta-dev/zever/core/cache v0.5.3/go.mod h1:Vb46cntYxXdM4KnPGqtrQmELtfkmeBn/9JcoA2LKmc0=
github.com/zenta-dev/zever/core/db v0.5.3 h1:YI5uJV4XyJSyG+XlFvnir2DaFbcIVjDIEihApWC8m9c=
github.com/zenta-dev/zever/core/db v0.5.3/go.mod h1:bV0wuE7JpChcHJWECGUa2p8hZ7eVis/WPqMZ1j9cR5Q=
github.com/zenta-dev/zever/core/document v0.5.3 h1:cdbWKeQNYnmJqRi3uVIFDjJZZ3OhG84OAbZJ4kqnCo8=
github.com/zenta-dev/zever/core/document v0.5.3/go.mod h1:JMnVgGYNc/88BLkEZ7+MP/ff5LLITJSQ5Q6c7w5vXrQ=
github.com/zenta-dev/zever/core/eventbus v0.5.3 h1:/DJyeVJwaO7TvoJRKgLjemBL5cUuV7xi1khfNenTCNE=
github.com/zenta-dev/zever/core/eventbus v0.5.3/go.mod h1:l5tezpvbxXLD4tF2ZUz+DgLoJ9xlnBTeyzjnEuFaHOY=
github.com/zenta-dev/zever/core/flag v0.5.3 h1:fR7fyoCQNZBPvH+3lkLSw9MSXmqwu5ZYDyjJVFDCM/c=
github.com/zenta-dev/zever/core/flag v0.5.3/go.mod h1:qR5U3BN9n3dI4BAC0Kvniv9niU2//6NWjiVsWEOnQRo=
github.com/zenta-dev/zever/core/geo v0.5.3 h1:3SAgzhwo0MfsH/7nRj3R8HYT5R/ibO+yggI3ndJtJBY=
github.com/zenta-dev/zever/core/geo v0.5.3/go.mod h1:12+RdpF1bYGVPvVoIV6Amjhd3FOgXrK46sqk1Od5COs=
github.com/zenta-dev/zever/core/i18n v0.5.3 h1:XrFfFx+pOgBOFO9+QP8qODw6Yerg42Bg1wmTS7o/Yvg=
github.com/zenta-dev/zever/core/i18n v0.5.3/go.mod h1:n3MxRFG0n6SGA6PzLmKoDxq/REvu5pIoSOgYhy1TR9c=
github.com/zenta-dev/zever/core/idempotency v0.5.3 h1:shRpGo0e3OW8BjpEAtF29MqBWzdZoCGL+/diDVYA3Vk=
github.com/zenta-dev/zever/core/idempotency v0.5.3/go.mod h1:BCe9Bl+lT5Or5IQJVNss5VDBtPx3EPIF352lSYWGysY=
github.com/zenta-dev/zever/core/job v0.5.3 h1:bDnwWQC/aQBSAuXOrAt0nZ/7NPQrsAaBEUBbyUiYZIk=
github.com/zenta-dev/zever/core/job v0.5.3/go.mod h1:e612ByfEAOmFuJ0GR/gnum3/p6q0bLxGlC0shyxeI+M=
github.com/zenta-dev/zever/core/lock v0.5.3 h1:rgkk39lDBex6zqWsA/JlEyTEwgyd5YN2xrTrT6EoZUY=
github.com/zenta-dev/zever/core/lock v0.5.3/go.mod h1:4TP5ZXHFLXPih0enUzc07OLJCtB1JttyR6yFQI0GJs8=
github.com/zenta-dev/zever/core/log v0.5.3 h1:ClnOIa0BBIsHwiK2rkQa9aWDef8Peh1XXbGTgMmFz6c=
github.com/zenta-dev/zever/core/log v0.5.3/go.mod h1:/TCamCxN5lE51CF497c31wrYQ08IFNAWMYsP4RM5YeE=
github.com/zenta-dev/zever/core/mailer v0.5.3 h1:zpVIDVdMaXvCQgxEX6sEXPOQG3jhHOrjteYRsj+UE40=
github.com/zenta-dev/zever/core/mailer v0.5.3/go.mod h1:iQ/lXCVuG3/8oUF/Bg6E7MZmx+0pA+QLtgdv6fwgf3M=
github.com/zenta-dev/zever/core/media v0.5.3 h1:73khnOsxB9LKsJuWX4qbYtCXbFXCA1H34PHMYynjFMA=
github.com/zenta-dev/zever/core/media v0.5.3/go.mod h1:GkKH9YiRUhZiB0ZHJv9BZ++kxUxn3eMJ0mxcWNKaSO0=
github.com/zenta-dev/zever/core/notification v0.5.3 h1:pVH3Qc2fmiGRpZ+YdITsZ+hghDJi1ZKN/nkUSrKJJ6o=
github.com/zenta-dev/zever/core/notification v0.5.3/go.mod h1:O2YQgIAPaF7exO/ztEEEwvjzGSC39rrtqPmufOgU304=
github.com/zenta-dev/zever/core/observability v0.5.3 h1:AN4lVaNfvdoEYtVkj++J1r44jxev+kcyYyureXu3Ku4=
github.com/zenta-dev/zever/core/observability v0.5.3/go.mod h1:yFNo9TUeqrSDwiKAIgSLGRM/SkDDp56lPZ2SrPTcsB8=
github.com/zenta-dev/zever/core/password v0.5.3 h1:LYqPtjJcxLzhiWWm/XFQwxAQ7myH+kmAz6Eqjz1dBnM=
github.com/zenta-dev/zever/core/password v0.5.3/go.mod h1:7GsgIAQuIGmFrmyJISQsFKWjDz39n4p/D77tOoaDmkY=
github.com/zenta-dev/zever/core/payment v0.5.3 h1:f30aFUsNoyc71Dt0Lf+eBEnSnWzVld6rNT12CZE/q4Y=
github.com/zenta-dev/zever/core/payment v0.5.3/go.mod h1:MXpzJU/jL9uQ+sYCp2oqbS2tiKCOjdCSQZj+qoX7i9A=
github.com/zenta-dev/zever/core/permission v0.5.3 h1:qxX7HrRJwEhfIEDApSZ6oGyBYEZdCPpYwkPhsP0x0/w=
github.com/zenta-dev/zever/core/permission v0.5.3/go.mod h1:2UBlCDA7mluxJWLmL2g+TBfF/YKC+fRGzqJeSRqY2XA=
github.com/zenta-dev/zever/core/queue v0.5.3 h1:aAQVT/migJkwO6IEFhgxNaE4GAsii4u5s3WosV9KjMw=
github.com/zenta-dev/zever/core/queue v0.5.3/go.mod h1:UxV4t17zFlxrP+vrb3xZHnYjLbor+FID7U+49OWVQrA=
github.com/zenta-dev/zever/core/ratelimit v0.5.3 h1:EfzUYwH0eplW5BDNXrNjm4mB36OWSG869p0ABwitsFo=
github.com/zenta-dev/zever/core/ratelimit v0.5.3/go.mod h1:M2CZnzOB2/OxvK7ew3KyOn+xjyAa+YLzsGvdTT+oE/0=
github.com/zenta-dev/zever/core/router v0.5.3 h1:jL8POU960ss6cJxTZBQpayjMh5FsfWIPGWNaWXu7qEE=
github.com/zenta-dev/zever/core/router v0.5.3/go.mod h1:W8AC54Y1bdzqOMrSM5RIvoKQBGSqDPYqdOz77YphG4g=
github.com/zenta-dev/zever/core/scheduler v0.5.3 h1:FlLwOcGIUOS4ru1DMCsKNZ8ytM6Np90ukV0exgZCVcU=
github.com/zenta-dev/zever/core/scheduler v0.5.3/go.mod h1:yMHul/iFa2Yqjc1EljHFQbGsyM2hQTJrWbbv4oegCHo=
github.com/zenta-dev/zever/core/search v0.5.3 h1:W0i6D7R14f+5A2yrH1DU1Rw6MZsBP/TtPIILm8Ddk3k=
github.com/zenta-dev/zever/core/search v0.5.3/go.mod h1:wWwFELCZ2vtKKsqFcwdXxed0ZntHrLpSk5vvJVR7HxI=
github.com/zenta-dev/zever/core/secrets v0.5.3 h1:1oy7sVnuSWgDXcYO3QIVsCPWvvXGNdf+f7DUfZMQaEA=
github.com/zenta-dev/zever/core/secrets v0.5.3/go.mod h1:7ctVju8faHgXZGPG/g6rH0jQSYJtaSKNLAkCrJx/nw0=
github.com/zenta-dev/zever/core/session v0.5.3 h1:PzQnoKQDdKdB7jU2HE+YIpaVBKU2pIfg70ALC9bRyr0=
github.com/zenta-dev/zever/core/session v0.5.3/go.mod h1:VJefeUDk2kMXkVmpahnM3YCbWHzmGkFcMT3qas9sdCM=
github.com/zenta-dev/zever/core/storage v0.5.3 h1:Ll7oRe4AmuJNTenk/3m98tgwSPFEgvibT+h2J0uoADo=
github.com/zenta-dev/zever/core/storage v0.5.3/go.mod h1:MmxAj88cpelFDFQBsXNN2qxJ9LgvXzkFH43XzGjpscY=
github.com/zenta-dev/zever/core/tenant v0.5.3 h1:k4vF8vrKVy9sQebggbOmAcvdoJbw+eLrSm9i7F3tbHA=
github.com/zenta-dev/zever/core/tenant v0.5.3/go.mod h1:H7tcCB29hdX+nknm/5Rpi4NM1cvn/Q4ZQlH84TZY/yY=
github.com/zenta-dev/zever/core/vectorstore v0.5.3 h1:A+cjEmuo/Ga2WMP/1BengdyCES8abDy0JdwJCmLISLU=
github.com/zenta-dev/zever/core/vectorstore v0.5.3/go.mod h1:n1pDeDvFD5Cx6LFfV61VcaPAebQ+NefyqOEm2cbP7+M=
github.com/zenta-dev/zever/core/webhook v0.5.3 h1:Vq8J9EmwffuCI9Xme2FgiR5p4JpGu+mUMHU3n5ysLKU=
github.com/zenta-dev/zever/core/webhook v0.5.3/go.mod h1:41dinsCgMz5j29pvcs1qsXSAdeY3w0LludKTPhX7GNI=
github.com/zenta-dev/zever/core/workflow v0.5.3 h1:H3EjIncVh1Q3BGlU0kqGnxLmD1Be4r7N40y5hjoKfdU=
github.com/zenta-dev/zever/core/workflow v0.5.3/go.mod h1:SrBbHv+IntHpzwNB/mkhwsWXuoyArQjMtR6GHeC1R1E=
github.com/zenta-dev/zever/shared/codec v0.5.3 h1:WbMllaUn3lzMMSQ0ugwYgegPHeGO85xFOoyy54JGP1g=
github.com/zenta-dev/zever/shared/codec v0.5.3/go.mod h1:SRT6tNrvvOLBtdPs+oz2aTv0QkmXUiNtBz1aYlQh4f8=
github.com/zenta-dev/zever/shared/endpoint v0.5.3 h1:9GVYGFmuImc9UTewkWvFQuI0jEkn5R2Q+Od8nuUu5ig=
github.com/zenta-dev/zever/shared/endpoint v0.5.3/go.mod h1:aHOTV/C6RuuZu3qZg/L+sRVw/sQpzj04GEIPe/HBkUA=
github.com/zenta-dev/zever/shared/httpclient v0.5.3 h1:aDsXzpcqFl07twURKJlohNMnVdkK81KvyncjR00PDn8=
github.com/zenta-dev/zever/shared/httpclient v0.5.3/go.mod h1:XT9yBOlWueZqBcIwQbtXWQsA5SgHqKLfHQc22Jr1Iz0=
github.com/zenta-dev/zever/shared/providersopt v0.5.3 h1:bGOxGiZpW9v2nm6EX7ph73K2IOGq+tbqkgg3lFVWwwI=
github.com/zenta-dev/zever/shared/providersopt v0.5.3/go.mod h1:bYsOKujPibFBrm+xTctmuvYa1OomFWQRjFjEvWRsb3E=
github.com/zenta-dev/zever/shared/redisopt v0.5.3 h1:PplJvU0dHIeJp4VSvFF4ZZ+ZVb0eWdeqnPJBW80VL2M=
github.com/zenta-dev/zever/shared/redisopt v0.5.3/go.mod h1:qG1PnnfLBljzedzezFIdB4kJRplUo6GbI/kbw1AB4Kc=
github.com/zenta-dev/zever/shared/retry v0.5.3 h1:PG2rSNeieORpdIyYVLWpKTqXwNeHQejIBmIKo16mKYs=
github.com/zenta-dev/zever/shared/retry v0.5.3/go.mod h1:acebOOTmQFy99bdn3dnG2c01Z9bKBCBFoRvvg+hBQj4=
go.yaml.in/yaml/v3 v3.0.5 h1:N6y/pJk8buWs9NY5ERU2HSMfm+IuD/OtfdAnq6kESPw=
go.yaml.in/yaml/v3 v3.0.5/go.mod h1:HVTZu1O7/Vkt2N+BFy8Zza+lnLsABggaTM2ZpNIGuKg=
